github.com/amimof/huego v1.2.1 h1:kd36vsieclW4fZ4Vqii9DNU2+6ptWWtkp4OG0AXM8HE=
github.com/amimof/huego v1.2.1/go.mod h1:z1Sy7Rrdzmb+XsGHVEhODrRJRDq4RCFW7trCI5cKmeA=
github.com/davecgh/go-spew v1.1.0/go.mod h1:J7Y8YcW2NihsgmVo/mv3lAwl/skON4iLHjSsI+c5H38=
github.com/davecgh/go-spew v1.1.1 h1:vj9j/u1bqnvCEfJOwUhtlOARqs3+rkHYY13jYWTU97c=
github.com/davecgh/go-spew v1.1.1/go.mod h1:J7Y8YcW2NihsgmVo/mv3lAwl/skON4iLHjSsI+c5H38=
github.com/jarcoal/httpmock v1.0.4 h1:jp+dy/+nonJE4g4xbVtl9QdrUNbn6/3hDT5R4nDIZnA=
github.com/jarcoal/httpmock v1.0.4/go.mod h1:ATjnClrvW/3tijVmpL/va5Z3aAyGvqU3gCT8nX0Txik=
github.com/patcable/go-media-devices-state v0.3.0 h1:3G3xc30wp/OMW+KMT2uz4iJiBVJ+mLjIgW5vafLfyg8=
github.com/patcable/go-media-devices-state v0.3.0/go.mod h1:71aEKCarEazDkrX19pEYoKZRwZ9mPthkljA72az28z0=
github.com/pmezard/go-difflib v1.0.0 h1:4DBwDE0NGyQoBHbLQYPwSUPoCMWR5BEzIk/f1lZbAQM=
github.com/pmezard/go-difflib v1.0.0/go.mod h1:iKH77koFhYxTK1pcRnkKkqfTogsbg7gZNVY4sRDYZ/4=
github.com/stretchr/objx v0.1.0/go.mod h1:HFkY916IF+rwdDfMAkV7OtwuqBVzrE8GR6GFx+wExME=
github.com/stretchr/testify v1.4.0/go.mod h1:j7eGeouHqKxXV5pUuKE4zz7dFj8WfuZ+81PSLYec5m4=
github.com/stretchr/testify v1.11.1 h1:7s2iGBzp5EwR7/aIZr8ao5+dra3wiQyKjjFuvgVKu7U=
github.com/stretchr/testify v1.11.1/go.mod h1:wZwfW3scLgRK+23gO65QZefKpKQRnfz6sD981Nm4B6U=
github.com/urfave/cli-altsrc/v3 v3.1.0 h1:6E5+kXeAWmRxXlPgdEVf9VqVoTJ2MJci0UMpUi/w/bA=
github.com/urfave/cli-altsrc/v3 v3.1.0/go.mod h1:VcWVTGXcL3nrXUDJZagHAeUX702La3PKeWav7KpISqA=
github.com/urfave/cli/v3 v3.5.0 h1:qCuFMmdayTF3zmjG8TSsoBzrDqszNrklYg2x3g4MSgw=
github.com/urfave/cli/v3 v3.5.0/go.mod h1:ysVLtOEmg2tOy6PknnYVhDoouyC/6N42TMeoMzskhso=
gopkg.in/check.v1 v0.0.0-20161208181325-20d25e280405 h1:yhCVgyC4o1eVCa2tZl7eS0r+SDo693bJlVdllGtEeKM=
gopkg.in/check.v1 v0.0.0-20161208181325-20d25e280405/go.mod h1:Co6ibVJAznAaIkqp8huTwlJQCZ016jof/cbN4VW5Yz0=
gopkg.in/yaml.v2 v2.2.2/go.mod h1:hI93XBmqTisBFMUTm0b8Fm+jr3Dg1NNxqwp+5A1VGuI=
gopkg.in/yaml.v3 v3.0.1 h1:fxVm/GzAzEWqLHuvctI91KS9hhNmmWOoWu0XTYJS7CA=
gopkg.in/yaml.v3 v3.0.1/go.mod h1:K4uyk7z7BCEPqu6E+C64Yfv1cQ7kz7rIZviUmN+EgEM=
